
Microsoft Visual Studio Solution File, Format Version 12.00
# Visual Studio Version 16
VisualStudioVersion = 16.0.29201.188
MinimumVisualStudioVersion = 10.0.40219.1
Project("{2150E333-8FDC-42A3-9474-1A3956D46DE8}") = "Solution Items", "Solution Items", "{E57F5462-8BAE-4EEA-A7B5-3C9B8FA0F812}"
EndProject
Project("{FAE04EC0-301F-11D3-BF4B-00C04F79EFBC}") = "Google1B_A2009CSharp", "Google1B2009CSharp\Google1B_A2009CSharp.csproj", "{9C93E437-C0BF-43D4-B42C-79334DC42E10}"
EndProject
Project("{8BC9CEB8-8B4A-11D0-8D11-00A0C91BC942}") = "Google1B_A2009C", "Google1B_A2009C\Google1B_A2009C.vcxproj", "{650280AD-E513-485E-B847-071BA555D690}"
EndProject
Project("{FAE04EC0-301F-11D3-BF4B-00C04F79EFBC}") = "GoogleQuali_A2008CSharp", "GoogleQuali_A2008CSharp\GoogleQuali_A2008CSharp.csproj", "{0B1D1263-074C-407B-A6BC-4E7618D9E43A}"
EndProject
Project("{2150E333-8FDC-42A3-9474-1A3956D46DE8}") = "2009", "2009", "{8E7F021E-0693-44EC-9F77-AA0FBD7430BD}"
EndProject
Project("{2150E333-8FDC-42A3-9474-1A3956D46DE8}") = "2008", "2008", "{A3C9ACDC-56AD-4F75-9D81-0A06AF9FF18D}"
EndProject
Project("{2150E333-8FDC-42A3-9474-1A3956D46DE8}") = "Round 1B", "Round 1B", "{C90C31A6-C88B-4404-902D-65817F960029}"
EndProject
Project("{2150E333-8FDC-42A3-9474-1A3956D46DE8}") = "Problem A", "Problem A", "{4503CA56-A63B-46B4-94DE-1D788A25AB8F}"
EndProject
Project("{2150E333-8FDC-42A3-9474-1A3956D46DE8}") = "Qualification Round", "Qualification Round", "{7684F8F4-1F2D-41BC-B839-B5F07E380A0B}"
EndProject
Project("{2150E333-8FDC-42A3-9474-1A3956D46DE8}") = "Problem A", "Problem A", "{D887F322-41A7-4612-AE38-AFD9181BB1BE}"
EndProject
Project("{8BC9CEB8-8B4A-11D0-8D11-00A0C91BC942}") = "GoogleQuali_A2008C", "GoogleQuali_A2008C\GoogleQuali_A2008C.vcxproj", "{908B41FF-609A-4E09-9DEF-8A14049B29DE}"
EndProject
Project("{2150E333-8FDC-42A3-9474-1A3956D46DE8}") = "APAC Test", "APAC Test", "{1AF76647-A7AA-4D55-A537-24C1E5ACFBB7}"
EndProject
Project("{2150E333-8FDC-42A3-9474-1A3956D46DE8}") = "2015", "2015", "{216616F5-01C8-41EC-86A6-F13EEEBA3250}"
EndProject
Project("{2150E333-8FDC-42A3-9474-1A3956D46DE8}") = "Round A", "Round A", "{97A1AAA0-1622-4ED3-B2C1-2C1766FF33F8}"
EndProject
Project("{2150E333-8FDC-42A3-9474-1A3956D46DE8}") = "Problem A", "Problem A", "{A984E587-4BAE-487B-8AA0-406FA76944EC}"
EndProject
Project("{FAE04EC0-301F-11D3-BF4B-00C04F79EFBC}") = "GoogolString", "GoogolString\GoogolString.csproj", "{9DFD0DE2-C00B-45D4-89CC-8CCBFCDB1D3D}"
EndProject
Project("{2150E333-8FDC-42A3-9474-1A3956D46DE8}") = "Round 1A", "Round 1A", "{47E09924-7FC8-4F4B-9D64-E2561581CD21}"
EndProject
Project("{FAE04EC0-301F-11D3-BF4B-00C04F79EFBC}") = "ScalarProduct", "ScalarProduct\ScalarProduct.csproj", "{79C979C1-6470-4F16-8697-0CC0A7D74FD7}"
EndProject
Global
	GlobalSection(SolutionConfigurationPlatforms) = preSolution
		Debug|Any CPU = Debug|Any CPU
		Debug|x64 = Debug|x64
		Debug|x86 = Debug|x86
		Release|Any CPU = Release|Any CPU
		Release|x64 = Release|x64
		Release|x86 = Release|x86
	EndGlobalSection
	GlobalSection(ProjectConfigurationPlatforms) = postSolution
		{9C93E437-C0BF-43D4-B42C-79334DC42E10}.Debug|Any CPU.ActiveCfg = Debug|Any CPU
		{9C93E437-C0BF-43D4-B42C-79334DC42E10}.Debug|Any CPU.Build.0 = Debug|Any CPU
		{9C93E437-C0BF-43D4-B42C-79334DC42E10}.Debug|x64.ActiveCfg = Debug|Any CPU
		{9C93E437-C0BF-43D4-B42C-79334DC42E10}.Debug|x64.Build.0 = Debug|Any CPU
		{9C93E437-C0BF-43D4-B42C-79334DC42E10}.Debug|x86.ActiveCfg = Debug|Any CPU
		{9C93E437-C0BF-43D4-B42C-79334DC42E10}.Debug|x86.Build.0 = Debug|Any CPU
		{9C93E437-C0BF-43D4-B42C-79334DC42E10}.Release|Any CPU.ActiveCfg = Release|Any CPU
		{9C93E437-C0BF-43D4-B42C-79334DC42E10}.Release|Any CPU.Build.0 = Release|Any CPU
		{9C93E437-C0BF-43D4-B42C-79334DC42E10}.Release|x64.ActiveCfg = Release|Any CPU
		{9C93E437-C0BF-43D4-B42C-79334DC42E10}.Release|x64.Build.0 = Release|Any CPU
		{9C93E437-C0BF-43D4-B42C-79334DC42E10}.Release|x86.ActiveCfg = Release|Any CPU
		{9C93E437-C0BF-43D4-B42C-79334DC42E10}.Release|x86.Build.0 = Release|Any CPU
		{650280AD-E513-485E-B847-071BA555D690}.Debug|Any CPU.ActiveCfg = Debug|Win32
		{650280AD-E513-485E-B847-071BA555D690}.Debug|Any CPU.Build.0 = Debug|Win32
		{650280AD-E513-485E-B847-071BA555D690}.Debug|x64.ActiveCfg = Debug|x64
		{650280AD-E513-485E-B847-071BA555D690}.Debug|x64.Build.0 = Debug|x64
		{650280AD-E513-485E-B847-071BA555D690}.Debug|x86.ActiveCfg = Debug|Win32
		{650280AD-E513-485E-B847-071BA555D690}.Debug|x86.Build.0 = Debug|Win32
		{650280AD-E513-485E-B847-071BA555D690}.Release|Any CPU.ActiveCfg = Debug|Win32
		{650280AD-E513-485E-B847-071BA555D690}.Release|Any CPU.Build.0 = Debug|Win32
		{650280AD-E513-485E-B847-071BA555D690}.Release|x64.ActiveCfg = Release|x64
		{650280AD-E513-485E-B847-071BA555D690}.Release|x64.Build.0 = Release|x64
		{650280AD-E513-485E-B847-071BA555D690}.Release|x86.ActiveCfg = Release|Win32
		{650280AD-E513-485E-B847-071BA555D690}.Release|x86.Build.0 = Release|Win32
		{0B1D1263-074C-407B-A6BC-4E7618D9E43A}.Debug|Any CPU.ActiveCfg = Debug|Any CPU
		{0B1D1263-074C-407B-A6BC-4E7618D9E43A}.Debug|Any CPU.Build.0 = Debug|Any CPU
		{0B1D1263-074C-407B-A6BC-4E7618D9E43A}.Debug|x64.ActiveCfg = Debug|Any CPU
		{0B1D1263-074C-407B-A6BC-4E7618D9E43A}.Debug|x64.Build.0 = Debug|Any CPU
		{0B1D1263-074C-407B-A6BC-4E7618D9E43A}.Debug|x86.ActiveCfg = Debug|Any CPU
		{0B1D1263-074C-407B-A6BC-4E7618D9E43A}.Debug|x86.Build.0 = Debug|Any CPU
		{0B1D1263-074C-407B-A6BC-4E7618D9E43A}.Release|Any CPU.ActiveCfg = Debug|Any CPU
		{0B1D1263-074C-407B-A6BC-4E7618D9E43A}.Release|Any CPU.Build.0 = Debug|Any CPU
		{0B1D1263-074C-407B-A6BC-4E7618D9E43A}.Release|x64.ActiveCfg = Release|Any CPU
		{0B1D1263-074C-407B-A6BC-4E7618D9E43A}.Release|x64.Build.0 = Release|Any CPU
		{0B1D1263-074C-407B-A6BC-4E7618D9E43A}.Release|x86.ActiveCfg = Release|Any CPU
		{0B1D1263-074C-407B-A6BC-4E7618D9E43A}.Release|x86.Build.0 = Release|Any CPU
		{908B41FF-609A-4E09-9DEF-8A14049B29DE}.Debug|Any CPU.ActiveCfg = Debug|Win32
		{908B41FF-609A-4E09-9DEF-8A14049B29DE}.Debug|x64.ActiveCfg = Debug|x64
		{908B41FF-609A-4E09-9DEF-8A14049B29DE}.Debug|x64.Build.0 = Debug|x64
		{908B41FF-609A-4E09-9DEF-8A14049B29DE}.Debug|x86.ActiveCfg = Debug|Win32
		{908B41FF-609A-4E09-9DEF-8A14049B29DE}.Debug|x86.Build.0 = Debug|Win32
		{908B41FF-609A-4E09-9DEF-8A14049B29DE}.Release|Any CPU.ActiveCfg = Release|Win32
		{908B41FF-609A-4E09-9DEF-8A14049B29DE}.Release|x64.ActiveCfg = Release|x64
		{908B41FF-609A-4E09-9DEF-8A14049B29DE}.Release|x64.Build.0 = Release|x64
		{908B41FF-609A-4E09-9DEF-8A14049B29DE}.Release|x86.ActiveCfg = Release|Win32
		{908B41FF-609A-4E09-9DEF-8A14049B29DE}.Release|x86.Build.0 = Release|Win32
		{9DFD0DE2-C00B-45D4-89CC-8CCBFCDB1D3D}.Debug|Any CPU.ActiveCfg = Debug|Any CPU
		{9DFD0DE2-C00B-45D4-89CC-8CCBFCDB1D3D}.Debug|Any CPU.Build.0 = Debug|Any CPU
		{9DFD0DE2-C00B-45D4-89CC-8CCBFCDB1D3D}.Debug|x64.ActiveCfg = Debug|Any CPU
		{9DFD0DE2-C00B-45D4-89CC-8CCBFCDB1D3D}.Debug|x64.Build.0 = Debug|Any CPU
		{9DFD0DE2-C00B-45D4-89CC-8CCBFCDB1D3D}.Debug|x86.ActiveCfg = Debug|Any CPU
		{9DFD0DE2-C00B-45D4-89CC-8CCBFCDB1D3D}.Debug|x86.Build.0 = Debug|Any CPU
		{9DFD0DE2-C00B-45D4-89CC-8CCBFCDB1D3D}.Release|Any CPU.ActiveCfg = Release|Any CPU
		{9DFD0DE2-C00B-45D4-89CC-8CCBFCDB1D3D}.Release|Any CPU.Build.0 = Release|Any CPU
		{9DFD0DE2-C00B-45D4-89CC-8CCBFCDB1D3D}.Release|x64.ActiveCfg = Release|Any CPU
		{9DFD0DE2-C00B-45D4-89CC-8CCBFCDB1D3D}.Release|x64.Build.0 = Release|Any CPU
		{9DFD0DE2-C00B-45D4-89CC-8CCBFCDB1D3D}.Release|x86.ActiveCfg = Release|Any CPU
		{9DFD0DE2-C00B-45D4-89CC-8CCBFCDB1D3D}.Release|x86.Build.0 = Release|Any CPU
		{79C979C1-6470-4F16-8697-0CC0A7D74FD7}.Debug|Any CPU.ActiveCfg = Debug|Any CPU
		{79C979C1-6470-4F16-8697-0CC0A7D74FD7}.Debug|Any CPU.Build.0 = Debug|Any CPU
		{79C979C1-6470-4F16-8697-0CC0A7D74FD7}.Debug|x64.ActiveCfg = Debug|Any CPU
		{79C979C1-6470-4F16-8697-0CC0A7D74FD7}.Debug|x64.Build.0 = Debug|Any CPU
		{79C979C1-6470-4F16-8697-0CC0A7D74FD7}.Debug|x86.ActiveCfg = Debug|Any CPU
		{79C979C1-6470-4F16-8697-0CC0A7D74FD7}.Debug|x86.Build.0 = Debug|Any CPU
		{79C979C1-6470-4F16-8697-0CC0A7D74FD7}.Release|Any CPU.ActiveCfg = Release|Any CPU
		{79C979C1-6470-4F16-8697-0CC0A7D74FD7}.Release|Any CPU.Build.0 = Release|Any CPU
		{79C979C1-6470-4F16-8697-0CC0A7D74FD7}.Release|x64.ActiveCfg = Release|Any CPU
		{79C979C1-6470-4F16-8697-0CC0A7D74FD7}.Release|x64.Build.0 = Release|Any CPU
		{79C979C1-6470-4F16-8697-0CC0A7D74FD7}.Release|x86.ActiveCfg = Release|Any CPU
		{79C979C1-6470-4F16-8697-0CC0A7D74FD7}.Release|x86.Build.0 = Release|Any CPU
	EndGlobalSection
	GlobalSection(SolutionProperties) = preSolution
		HideSolutionNode = FALSE
	EndGlobalSection
	GlobalSection(NestedProjects) = preSolution
		{9C93E437-C0BF-43D4-B42C-79334DC42E10} = {4503CA56-A63B-46B4-94DE-1D788A25AB8F}
		{650280AD-E513-485E-B847-071BA555D690} = {4503CA56-A63B-46B4-94DE-1D788A25AB8F}
		{0B1D1263-074C-407B-A6BC-4E7618D9E43A} = {D887F322-41A7-4612-AE38-AFD9181BB1BE}
		{C90C31A6-C88B-4404-902D-65817F960029} = {8E7F021E-0693-44EC-9F77-AA0FBD7430BD}
		{4503CA56-A63B-46B4-94DE-1D788A25AB8F} = {C90C31A6-C88B-4404-902D-65817F960029}
		{7684F8F4-1F2D-41BC-B839-B5F07E380A0B} = {A3C9ACDC-56AD-4F75-9D81-0A06AF9FF18D}
		{D887F322-41A7-4612-AE38-AFD9181BB1BE} = {7684F8F4-1F2D-41BC-B839-B5F07E380A0B}
		{908B41FF-609A-4E09-9DEF-8A14049B29DE} = {D887F322-41A7-4612-AE38-AFD9181BB1BE}
		{216616F5-01C8-41EC-86A6-F13EEEBA3250} = {1AF76647-A7AA-4D55-A537-24C1E5ACFBB7}
		{97A1AAA0-1622-4ED3-B2C1-2C1766FF33F8} = {216616F5-01C8-41EC-86A6-F13EEEBA3250}
		{A984E587-4BAE-487B-8AA0-406FA76944EC} = {97A1AAA0-1622-4ED3-B2C1-2C1766FF33F8}
		{9DFD0DE2-C00B-45D4-89CC-8CCBFCDB1D3D} = {A984E587-4BAE-487B-8AA0-406FA76944EC}
		{47E09924-7FC8-4F4B-9D64-E2561581CD21} = {A3C9ACDC-56AD-4F75-9D81-0A06AF9FF18D}
		{79C979C1-6470-4F16-8697-0CC0A7D74FD7} = {47E09924-7FC8-4F4B-9D64-E2561581CD21}
	EndGlobalSection
	GlobalSection(ExtensibilityGlobals) = postSolution
		SolutionGuid = {A46E202A-B46F-493E-A0BA-2D02FDA92559}
	EndGlobalSection
EndGlobal
