
Microsoft Visual Studio Solution File, Format Version 12.00
# Visual Studio Version 16
VisualStudioVersion = 16.0.29201.188
MinimumVisualStudioVersion = 10.0.40219.1
Project("{FAE04EC0-301F-11D3-BF4B-00C04F79EFBC}") = "Google1B2009", "Google1B2009\Google1B2009.csproj", "{9C93E437-C0BF-43D4-B42C-79334DC42E10}"
EndProject
Global
	GlobalSection(SolutionConfigurationPlatforms) = preSolution
		Debug|Any CPU = Debug|Any CPU
		Release|Any CPU = Release|Any CPU
	EndGlobalSection
	GlobalSection(ProjectConfigurationPlatforms) = postSolution
		{9C93E437-C0BF-43D4-B42C-79334DC42E10}.Debug|Any CPU.ActiveCfg = Debug|Any CPU
		{9C93E437-C0BF-43D4-B42C-79334DC42E10}.Debug|Any CPU.Build.0 = Debug|Any CPU
		{9C93E437-C0BF-43D4-B42C-79334DC42E10}.Release|Any CPU.ActiveCfg = Release|Any CPU
		{9C93E437-C0BF-43D4-B42C-79334DC42E10}.Release|Any CPU.Build.0 = Release|Any CPU
	EndGlobalSection
	GlobalSection(SolutionProperties) = preSolution
		HideSolutionNode = FALSE
	EndGlobalSection
	GlobalSection(ExtensibilityGlobals) = postSolution
		SolutionGuid = {A46E202A-B46F-493E-A0BA-2D02FDA92559}
	EndGlobalSection
EndGlobal
